
Microsoft Visual Studio Solution File, Format Version 12.00
# Visual Studio Version 16
VisualStudioVersion = 16.0.31019.35
MinimumVisualStudioVersion = 10.0.40219.1
Project("{9A19103F-16F7-4668-BE54-9A1E7A4F7556}") = "Przypominajka", "Przypominajka\Przypominajka.csproj", "{6001309D-CCAF-4B01-A9D1-3FD123FF3D30}"
EndProject
Project("{FAE04EC0-301F-11D3-BF4B-00C04F79EFBC}") = "Przypominajka.Core", "Przypominajka.Core\Przypominajka.Core.csproj", "{569CD926-8199-4D04-A615-28220853688D}"
EndProject
Project("{FAE04EC0-301F-11D3-BF4B-00C04F79EFBC}") = "Przypominajka.WindowsSettings", "Przypominajka.WindowsSettings\Przypominajka.WindowsSettings.csproj", "{A4A4EF83-E1C3-4E4E-B56C-6B47472695AA}"
EndProject
Global
	GlobalSection(SolutionConfigurationPlatforms) = preSolution
		Debug|Any CPU = Debug|Any CPU
		Debug|x64 = Debug|x64
		Release|Any CPU = Release|Any CPU
		Release|x64 = Release|x64
	EndGlobalSection
	GlobalSection(ProjectConfigurationPlatforms) = postSolution
		{6001309D-CCAF-4B01-A9D1-3FD123FF3D30}.Debug|Any CPU.ActiveCfg = Debug|x86
		{6001309D-CCAF-4B01-A9D1-3FD123FF3D30}.Debug|Any CPU.Build.0 = Debug|x86
		{6001309D-CCAF-4B01-A9D1-3FD123FF3D30}.Debug|x64.ActiveCfg = Debug|x64
		{6001309D-CCAF-4B01-A9D1-3FD123FF3D30}.Debug|x64.Build.0 = Debug|x64
		{6001309D-CCAF-4B01-A9D1-3FD123FF3D30}.Release|Any CPU.ActiveCfg = Release|x64
		{6001309D-CCAF-4B01-A9D1-3FD123FF3D30}.Release|x64.ActiveCfg = Release|x86
		{6001309D-CCAF-4B01-A9D1-3FD123FF3D30}.Release|x64.Build.0 = Release|x86
		{569CD926-8199-4D04-A615-28220853688D}.Debug|Any CPU.ActiveCfg = Debug|Any CPU
		{569CD926-8199-4D04-A615-28220853688D}.Debug|Any CPU.Build.0 = Debug|Any CPU
		{569CD926-8199-4D04-A615-28220853688D}.Debug|x64.ActiveCfg = Debug|x64
		{569CD926-8199-4D04-A615-28220853688D}.Debug|x64.Build.0 = Debug|x64
		{569CD926-8199-4D04-A615-28220853688D}.Release|Any CPU.ActiveCfg = Release|Any CPU
		{569CD926-8199-4D04-A615-28220853688D}.Release|Any CPU.Build.0 = Release|Any CPU
		{569CD926-8199-4D04-A615-28220853688D}.Release|x64.ActiveCfg = Release|Any CPU
		{569CD926-8199-4D04-A615-28220853688D}.Release|x64.Build.0 = Release|Any CPU
		{A4A4EF83-E1C3-4E4E-B56C-6B47472695AA}.Debug|Any CPU.ActiveCfg = Debug|Any CPU
		{A4A4EF83-E1C3-4E4E-B56C-6B47472695AA}.Debug|Any CPU.Build.0 = Debug|Any CPU
		{A4A4EF83-E1C3-4E4E-B56C-6B47472695AA}.Debug|x64.ActiveCfg = Debug|x64
		{A4A4EF83-E1C3-4E4E-B56C-6B47472695AA}.Release|Any CPU.ActiveCfg = Release|Any CPU
		{A4A4EF83-E1C3-4E4E-B56C-6B47472695AA}.Release|Any CPU.Build.0 = Release|Any CPU
		{A4A4EF83-E1C3-4E4E-B56C-6B47472695AA}.Release|x64.ActiveCfg = Release|Any CPU
		{A4A4EF83-E1C3-4E4E-B56C-6B47472695AA}.Release|x64.Build.0 = Release|Any CPU
	EndGlobalSection
	GlobalSection(SolutionProperties) = preSolution
		HideSolutionNode = FALSE
	EndGlobalSection
	GlobalSection(ExtensibilityGlobals) = postSolution
		SolutionGuid = {3B7FF5D6-E8FF-4D51-BB1E-3A4ECC2B2931}
	EndGlobalSection
EndGlobal
