
Microsoft Visual Studio Solution File, Format Version 12.00
# Visual Studio Version 16
VisualStudioVersion = 16.0.30907.101
MinimumVisualStudioVersion = 10.0.40219.1
Project("{FAE04EC0-301F-11D3-BF4B-00C04F79EFBC}") = "Przypominajka", "Przypominajka.csproj", "{93E02D23-9235-4355-80B5-BE19455D04C9}"
EndProject
Project("{FAE04EC0-301F-11D3-BF4B-00C04F79EFBC}") = "Przypominajka.Angular", "..\Przypominajka.Angular\Przypominajka.Angular.csproj", "{0940E48C-7784-4465-88B6-29124DAADE1C}"
EndProject
Global
	GlobalSection(SolutionConfigurationPlatforms) = preSolution
		Debug|Any CPU = Debug|Any CPU
		Debug|x64 = Debug|x64
		Release|Any CPU = Release|Any CPU
		Release|x64 = Release|x64
	EndGlobalSection
	GlobalSection(ProjectConfigurationPlatforms) = postSolution
		{93E02D23-9235-4355-80B5-BE19455D04C9}.Debug|Any CPU.ActiveCfg = Debug|Any CPU
		{93E02D23-9235-4355-80B5-BE19455D04C9}.Debug|Any CPU.Build.0 = Debug|Any CPU
		{93E02D23-9235-4355-80B5-BE19455D04C9}.Debug|x64.ActiveCfg = Debug|x64
		{93E02D23-9235-4355-80B5-BE19455D04C9}.Debug|x64.Build.0 = Debug|x64
		{93E02D23-9235-4355-80B5-BE19455D04C9}.Release|Any CPU.ActiveCfg = Release|Any CPU
		{93E02D23-9235-4355-80B5-BE19455D04C9}.Release|Any CPU.Build.0 = Release|Any CPU
		{93E02D23-9235-4355-80B5-BE19455D04C9}.Release|x64.ActiveCfg = Release|x64
		{93E02D23-9235-4355-80B5-BE19455D04C9}.Release|x64.Build.0 = Release|x64
		{0940E48C-7784-4465-88B6-29124DAADE1C}.Debug|Any CPU.ActiveCfg = Debug|Any CPU
		{0940E48C-7784-4465-88B6-29124DAADE1C}.Debug|Any CPU.Build.0 = Debug|Any CPU
		{0940E48C-7784-4465-88B6-29124DAADE1C}.Debug|x64.ActiveCfg = Debug|x64
		{0940E48C-7784-4465-88B6-29124DAADE1C}.Debug|x64.Build.0 = Debug|x64
		{0940E48C-7784-4465-88B6-29124DAADE1C}.Release|Any CPU.ActiveCfg = Release|Any CPU
		{0940E48C-7784-4465-88B6-29124DAADE1C}.Release|Any CPU.Build.0 = Release|Any CPU
		{0940E48C-7784-4465-88B6-29124DAADE1C}.Release|x64.ActiveCfg = Release|x64
		{0940E48C-7784-4465-88B6-29124DAADE1C}.Release|x64.Build.0 = Release|x64
	EndGlobalSection
	GlobalSection(SolutionProperties) = preSolution
		HideSolutionNode = FALSE
	EndGlobalSection
	GlobalSection(ExtensibilityGlobals) = postSolution
		SolutionGuid = {7066BB13-2865-4E22-8275-A9C52CB1BAE8}
	EndGlobalSection
EndGlobal
